
Microsoft Visual Studio Solution File, Format Version 12.00
# Visual Studio Version 16
VisualStudioVersion = 16.0.32106.194
MinimumVisualStudioVersion = 10.0.40219.1
Project("{9A19103F-16F7-4668-BE54-9A1E7A4F7556}") = "netcore-3.1-api-performance-tests", "netcore-3.1-api-performance-tests\netcore-3.1-api-performance-tests.csproj", "{CFD74CD3-5A5B-482C-B0FB-971A2555F368}"
EndProject
Global
	GlobalSection(SolutionConfigurationPlatforms) = preSolution
		Debug|Any CPU = Debug|Any CPU
		Release|Any CPU = Release|Any CPU
	EndGlobalSection
	GlobalSection(ProjectConfigurationPlatforms) = postSolution
		{CFD74CD3-5A5B-482C-B0FB-971A2555F368}.Debug|Any CPU.ActiveCfg = Debug|Any CPU
		{CFD74CD3-5A5B-482C-B0FB-971A2555F368}.Debug|Any CPU.Build.0 = Debug|Any CPU
		{CFD74CD3-5A5B-482C-B0FB-971A2555F368}.Release|Any CPU.ActiveCfg = Release|Any CPU
		{CFD74CD3-5A5B-482C-B0FB-971A2555F368}.Release|Any CPU.Build.0 = Release|Any CPU
	EndGlobalSection
	GlobalSection(SolutionProperties) = preSolution
		HideSolutionNode = FALSE
	EndGlobalSection
	GlobalSection(ExtensibilityGlobals) = postSolution
		SolutionGuid = {6987B730-F83F-4B66-9CFB-68FEE4BD108C}
	EndGlobalSection
EndGlobal
